{
  "version": 4,
  "terraform_version": "0.15.3",
  "serial": 105,
  "lineage": "00b2f0b1-a3ad-1eb1-e5a8-4d8183e977e6",
  "outputs": {
    "customer_suggestion_bucket_name": {
      "value": "customer-suggestion-bucket",
      "type": "string"
    },
    "customer_suggestion_iam_role_arn": {
      "value": "arn:aws:iam::070866847466:role/customer-suggestion-role",
      "type": "string"
    },
    "customer_suggestion_rds_endpoint_url": {
      "value": "customer-suggestion.c5ihio481vkg.us-west-2.rds.amazonaws.com:3306",
      "type": "string"
    }
  },
  "resources": [
    {
      "module": "module.customer-suggestion",
      "mode": "data",
      "type": "aws_iam_policy_document",
      "name": "this",
      "provider": "provider[\"registry.terraform.io/hashicorp/aws\"]",
      "instances": [
        {
          "schema_version": 0,
          "attributes": {
            "id": "1903849331",
            "json": "{\n  \"Version\": \"2012-10-17\",\n  \"Statement\": [\n    {\n      \"Sid\": \"\",\n      \"Effect\": \"Allow\",\n      \"Action\": \"sts:AssumeRole\",\n      \"Principal\": {\n        \"Service\": \"ec2.amazonaws.com\"\n      }\n    }\n  ]\n}",
            "override_json": null,
            "override_policy_documents": null,
            "policy_id": null,
            "source_json": null,
            "source_policy_documents": null,
            "statement": [
              {
                "actions": [
                  "sts:AssumeRole"
                ],
                "condition": [],
                "effect": "Allow",
                "not_actions": [],
                "not_principals": [],
                "not_resources": [],
                "principals": [
                  {
                    "identifiers": [
                      "ec2.amazonaws.com"
                    ],
                    "type": "Service"
                  }
                ],
                "resources": [],
                "sid": ""
              }
            ],
            "version": "2012-10-17"
          },
          "sensitive_attributes": []
        }
      ]
    },
    {
      "module": "module.customer-suggestion",
      "mode": "managed",
      "type": "aws_db_instance",
      "name": "this",
      "provider": "provider[\"registry.terraform.io/hashicorp/aws\"]",
      "instances": [
        {
          "index_key": 0,
          "schema_version": 1,
          "attributes": {
            "address": "customer-suggestion.c5ihio481vkg.us-west-2.rds.amazonaws.com",
            "allocated_storage": 20,
            "allow_major_version_upgrade": false,
            "apply_immediately": false,
            "arn": "arn:aws:rds:us-west-2:070866847466:db:customer-suggestion",
            "auto_minor_version_upgrade": true,
            "availability_zone": "us-west-2d",
            "backup_retention_period": 0,
            "backup_window": "06:43-07:13",
            "ca_cert_identifier": "rds-ca-2019",
            "character_set_name": "",
            "copy_tags_to_snapshot": false,
            "customer_owned_ip_enabled": false,
            "db_name": "test",
            "db_subnet_group_name": "default",
            "delete_automated_backups": true,
            "deletion_protection": false,
            "domain": "",
            "domain_iam_role_name": "",
            "enabled_cloudwatch_logs_exports": [
              "error"
            ],
            "endpoint": "customer-suggestion.c5ihio481vkg.us-west-2.rds.amazonaws.com:3306",
            "engine": "mysql",
            "engine_version": "5.7",
            "engine_version_actual": "5.7.38",
            "final_snapshot_identifier": null,
            "hosted_zone_id": "Z1PVIF0B656C1W",
            "iam_database_authentication_enabled": false,
            "id": "customer-suggestion",
            "identifier": "customer-suggestion",
            "identifier_prefix": "",
            "instance_class": "db.t3.micro",
            "iops": 0,
            "kms_key_id": "arn:aws:kms:us-west-2:070866847466:key/49c9feb1-fb12-46b2-ae0a-f5747c9a8775",
            "latest_restorable_time": "",
            "license_model": "general-public-license",
            "maintenance_window": "mon:11:19-mon:11:49",
            "max_allocated_storage": 0,
            "monitoring_interval": 0,
            "monitoring_role_arn": "",
            "multi_az": false,
            "name": "test",
            "nchar_character_set_name": "",
            "network_type": "IPV4",
            "option_group_name": "default:mysql-5-7",
            "parameter_group_name": "default.mysql5.7",
            "password": "Password0987654321",
            "performance_insights_enabled": false,
            "performance_insights_kms_key_id": "",
            "performance_insights_retention_period": 0,
            "port": 3306,
            "publicly_accessible": false,
            "replica_mode": "",
            "replicas": [],
            "replicate_source_db": "",
            "resource_id": "db-KML5POHE6YKHTBKD7CPPOBB3AA",
            "restore_to_point_in_time": [],
            "s3_import": [],
            "security_group_names": [],
            "skip_final_snapshot": true,
            "snapshot_identifier": null,
            "status": "available",
            "storage_encrypted": true,
            "storage_type": "standard",
            "tags": {
              "created_by": "terraform",
              "service_name": "customer-suggestion"
            },
            "tags_all": {
              "created_by": "terraform",
              "service_name": "customer-suggestion"
            },
            "timeouts": {
              "create": null,
              "delete": null,
              "update": null
            },
            "timezone": "",
            "username": "sre_admin",
            "vpc_security_group_ids": [
              "sg-0cf629e6084608e5b"
            ]
          },
          "sensitive_attributes": [],
          "private": "eyJlMmJmYjczMC1lY2FhLTExZTYtOGY4OC0zNDM2M2JjN2M0YzAiOnsiY3JlYXRlIjoyNDAwMDAwMDAwMDAwLCJkZWxldGUiOjM2MDAwMDAwMDAwMDAsInVwZGF0ZSI6NDgwMDAwMDAwMDAwMH0sInNjaGVtYV92ZXJzaW9uIjoiMSJ9",
          "dependencies": [
            "module.customer-suggestion.aws_cloudwatch_log_group.this"
          ]
        }
      ]
    },
    {
      "module": "module.customer-suggestion",
      "mode": "managed",
      "type": "aws_iam_policy",
      "name": "this",
      "provider": "provider[\"registry.terraform.io/hashicorp/aws\"]",
      "instances": [
        {
          "index_key": 0,
          "schema_version": 0,
          "attributes": {
            "arn": "arn:aws:iam::070866847466:policy/customer-suggestion-policy",
            "description": "",
            "id": "arn:aws:iam::070866847466:policy/customer-suggestion-policy",
            "name": "customer-suggestion-policy",
            "name_prefix": null,
            "path": "/",
            "policy": "{\"Statement\":[{\"Action\":[\"s3:*\"],\"Effect\":\"Allow\",\"Resource\":[\"arn:aws:s3:::customer-suggestion-bucket\"]},{\"Action\":[\"rds:*\"],\"Effect\":\"Allow\",\"Resource\":[\"arn:aws:rds:us-west-2:070866847466:db:customer-suggestion\"]}],\"Version\":\"2012-10-17\"}",
            "policy_id": "ANPARA776I3VNLW6YSJCY",
            "tags": {
              "created_by": "terraform",
              "service_name": "customer-suggestion"
            },
            "tags_all": {
              "created_by": "terraform",
              "service_name": "customer-suggestion"
            }
          },
          "sensitive_attributes": [],
          "private": "bnVsbA==",
          "dependencies": [
            "module.customer-suggestion.aws_cloudwatch_log_group.this",
            "module.customer-suggestion.aws_db_instance.this",
            "module.customer-suggestion.aws_s3_bucket.this"
          ]
        }
      ]
    },
    {
      "module": "module.customer-suggestion",
      "mode": "managed",
      "type": "aws_iam_policy_attachment",
      "name": "test-attach",
      "provider": "provider[\"registry.terraform.io/hashicorp/aws\"]",
      "instances": [
        {
          "index_key": 0,
          "schema_version": 0,
          "attributes": {
            "groups": [],
            "id": "policy-attachment",
            "name": "policy-attachment",
            "policy_arn": "arn:aws:iam::070866847466:policy/customer-suggestion-policy",
            "roles": [
              "customer-suggestion-role"
            ],
            "users": []
          },
          "sensitive_attributes": [],
          "private": "bnVsbA==",
          "dependencies": [
            "module.customer-suggestion.aws_cloudwatch_log_group.this",
            "module.customer-suggestion.aws_db_instance.this",
            "module.customer-suggestion.aws_iam_policy.this",
            "module.customer-suggestion.aws_iam_role.this",
            "module.customer-suggestion.aws_s3_bucket.this",
            "module.customer-suggestion.data.aws_iam_policy_document.this"
          ]
        }
      ]
    },
    {
      "module": "module.customer-suggestion",
      "mode": "managed",
      "type": "aws_iam_role",
      "name": "this",
      "provider": "provider[\"registry.terraform.io/hashicorp/aws\"]",
      "instances": [
        {
          "index_key": 0,
          "schema_version": 0,
          "attributes": {
            "arn": "arn:aws:iam::070866847466:role/customer-suggestion-role",
            "assume_role_policy": "{\"Statement\":[{\"Action\":\"sts:AssumeRole\",\"Effect\":\"Allow\",\"Principal\":{\"Service\":\"ec2.amazonaws.com\"},\"Sid\":\"\"}],\"Version\":\"2012-10-17\"}",
            "create_date": "2022-09-11T23:19:43Z",
            "description": "",
            "force_detach_policies": false,
            "id": "customer-suggestion-role",
            "inline_policy": [],
            "managed_policy_arns": [
              "arn:aws:iam::070866847466:policy/customer-suggestion-policy"
            ],
            "max_session_duration": 3600,
            "name": "customer-suggestion-role",
            "name_prefix": "",
            "path": "/",
            "permissions_boundary": null,
            "tags": {
              "created_by": "terraform",
              "service_name": "customer-suggestion"
            },
            "tags_all": {
              "created_by": "terraform",
              "service_name": "customer-suggestion"
            },
            "unique_id": "AROARA776I3VL26KWXNMU"
          },
          "sensitive_attributes": [],
          "private": "bnVsbA==",
          "dependencies": [
            "module.customer-suggestion.data.aws_iam_policy_document.this"
          ]
        }
      ]
    },
    {
      "module": "module.customer-suggestion",
      "mode": "managed",
      "type": "aws_s3_bucket",
      "name": "this",
      "provider": "provider[\"registry.terraform.io/hashicorp/aws\"]",
      "instances": [
        {
          "index_key": 0,
          "schema_version": 0,
          "attributes": {
            "acceleration_status": "",
            "acl": null,
            "arn": "arn:aws:s3:::customer-suggestion-bucket",
            "bucket": "customer-suggestion-bucket",
            "bucket_domain_name": "customer-suggestion-bucket.s3.amazonaws.com",
            "bucket_prefix": null,
            "bucket_regional_domain_name": "customer-suggestion-bucket.s3.us-west-2.amazonaws.com",
            "cors_rule": [],
            "force_destroy": false,
            "grant": [
              {
                "id": "06cc8c896dd16c8ee00073624f9ca8bf2d8d1923b673cb6b03f9da03b280c795",
                "permissions": [
                  "FULL_CONTROL"
                ],
                "type": "CanonicalUser",
                "uri": ""
              }
            ],
            "hosted_zone_id": "Z3BJ6K6RIION7M",
            "id": "customer-suggestion-bucket",
            "lifecycle_rule": [],
            "logging": [],
            "object_lock_configuration": [],
            "object_lock_enabled": false,
            "policy": "",
            "region": "us-west-2",
            "replication_configuration": [],
            "request_payer": "BucketOwner",
            "server_side_encryption_configuration": [],
            "tags": {
              "created_by": "terraform",
              "service_name": "customer-suggestion"
            },
            "tags_all": {
              "created_by": "terraform",
              "service_name": "customer-suggestion"
            },
            "timeouts": null,
            "versioning": [
              {
                "enabled": false,
                "mfa_delete": false
              }
            ],
            "website": [],
            "website_domain": null,
            "website_endpoint": null
          },
          "sensitive_attributes": [],
          "private": "eyJlMmJmYjczMC1lY2FhLTExZTYtOGY4OC0zNDM2M2JjN2M0YzAiOnsiY3JlYXRlIjoxMjAwMDAwMDAwMDAwLCJkZWxldGUiOjM2MDAwMDAwMDAwMDAsInJlYWQiOjEyMDAwMDAwMDAwMDAsInVwZGF0ZSI6MTIwMDAwMDAwMDAwMH19"
        }
      ]
    },
    {
      "module": "module.customer-suggestion",
      "mode": "managed",
      "type": "aws_ssm_parameter",
      "name": "this",
      "provider": "provider[\"registry.terraform.io/hashicorp/aws\"]",
      "instances": [
        {
          "index_key": "iam-role",
          "schema_version": 0,
          "attributes": {
            "allowed_pattern": "",
            "arn": "arn:aws:ssm:us-west-2:070866847466:parameter/services/customer-suggestion/iam-role",
            "data_type": "text",
            "description": "",
            "id": "/services/customer-suggestion/iam-role",
            "insecure_value": null,
            "key_id": "",
            "name": "/services/customer-suggestion/iam-role",
            "overwrite": null,
            "tags": {
              "created_by": "terraform",
              "service_name": "customer-suggestion"
            },
            "tags_all": {
              "created_by": "terraform",
              "service_name": "customer-suggestion"
            },
            "tier": "Standard",
            "type": "String",
            "value": "arn:aws:iam::070866847466:role/customer-suggestion-role",
            "version": 1
          },
          "sensitive_attributes": [],
          "private": "bnVsbA==",
          "dependencies": [
            "module.customer-suggestion.aws_cloudwatch_log_group.this",
            "module.customer-suggestion.aws_db_instance.this",
            "module.customer-suggestion.aws_iam_role.this",
            "module.customer-suggestion.aws_s3_bucket.this",
            "module.customer-suggestion.data.aws_iam_policy_document.this"
          ]
        },
        {
          "index_key": "rds-endpoint-url",
          "schema_version": 0,
          "attributes": {
            "allowed_pattern": "",
            "arn": "arn:aws:ssm:us-west-2:070866847466:parameter/services/customer-suggestion/rds-endpoint-url",
            "data_type": "text",
            "description": "",
            "id": "/services/customer-suggestion/rds-endpoint-url",
            "insecure_value": null,
            "key_id": "",
            "name": "/services/customer-suggestion/rds-endpoint-url",
            "overwrite": null,
            "tags": {
              "created_by": "terraform",
              "service_name": "customer-suggestion"
            },
            "tags_all": {
              "created_by": "terraform",
              "service_name": "customer-suggestion"
            },
            "tier": "Standard",
            "type": "String",
            "value": "customer-suggestion.c5ihio481vkg.us-west-2.rds.amazonaws.com:3306",
            "version": 1
          },
          "sensitive_attributes": [],
          "private": "bnVsbA==",
          "dependencies": [
            "module.customer-suggestion.aws_cloudwatch_log_group.this",
            "module.customer-suggestion.aws_db_instance.this",
            "module.customer-suggestion.aws_iam_role.this",
            "module.customer-suggestion.aws_s3_bucket.this",
            "module.customer-suggestion.data.aws_iam_policy_document.this"
          ]
        },
        {
          "index_key": "rds-root-password",
          "schema_version": 0,
          "attributes": {
            "allowed_pattern": "",
            "arn": "arn:aws:ssm:us-west-2:070866847466:parameter/services/customer-suggestion/rds-root-password",
            "data_type": "text",
            "description": "",
            "id": "/services/customer-suggestion/rds-root-password",
            "insecure_value": null,
            "key_id": "",
            "name": "/services/customer-suggestion/rds-root-password",
            "overwrite": null,
            "tags": {
              "created_by": "terraform",
              "service_name": "customer-suggestion"
            },
            "tags_all": {
              "created_by": "terraform",
              "service_name": "customer-suggestion"
            },
            "tier": "Standard",
            "type": "String",
            "value": "Password0987654321",
            "version": 1
          },
          "sensitive_attributes": [
            [
              {
                "type": "get_attr",
                "value": "value"
              }
            ]
          ],
          "private": "bnVsbA==",
          "dependencies": [
            "module.customer-suggestion.aws_cloudwatch_log_group.this",
            "module.customer-suggestion.aws_db_instance.this",
            "module.customer-suggestion.aws_iam_role.this",
            "module.customer-suggestion.aws_s3_bucket.this",
            "module.customer-suggestion.data.aws_iam_policy_document.this"
          ]
        },
        {
          "index_key": "rds-root-username",
          "schema_version": 0,
          "attributes": {
            "allowed_pattern": "",
            "arn": "arn:aws:ssm:us-west-2:070866847466:parameter/services/customer-suggestion/rds-root-username",
            "data_type": "text",
            "description": "",
            "id": "/services/customer-suggestion/rds-root-username",
            "insecure_value": null,
            "key_id": "",
            "name": "/services/customer-suggestion/rds-root-username",
            "overwrite": null,
            "tags": {
              "created_by": "terraform",
              "service_name": "customer-suggestion"
            },
            "tags_all": {
              "created_by": "terraform",
              "service_name": "customer-suggestion"
            },
            "tier": "Standard",
            "type": "String",
            "value": "sre_admin",
            "version": 1
          },
          "sensitive_attributes": [],
          "private": "bnVsbA==",
          "dependencies": [
            "module.customer-suggestion.data.aws_iam_policy_document.this",
            "module.customer-suggestion.aws_cloudwatch_log_group.this",
            "module.customer-suggestion.aws_db_instance.this",
            "module.customer-suggestion.aws_iam_role.this",
            "module.customer-suggestion.aws_s3_bucket.this"
          ]
        },
        {
          "index_key": "s3-bucket",
          "schema_version": 0,
          "attributes": {
            "allowed_pattern": "",
            "arn": "arn:aws:ssm:us-west-2:070866847466:parameter/services/customer-suggestion/s3-bucket",
            "data_type": "text",
            "description": "",
            "id": "/services/customer-suggestion/s3-bucket",
            "insecure_value": null,
            "key_id": "",
            "name": "/services/customer-suggestion/s3-bucket",
            "overwrite": null,
            "tags": {
              "created_by": "terraform",
              "service_name": "customer-suggestion"
            },
            "tags_all": {
              "created_by": "terraform",
              "service_name": "customer-suggestion"
            },
            "tier": "Standard",
            "type": "String",
            "value": "customer-suggestion-bucket",
            "version": 1
          },
          "sensitive_attributes": [],
          "private": "bnVsbA==",
          "dependencies": [
            "module.customer-suggestion.aws_s3_bucket.this",
            "module.customer-suggestion.data.aws_iam_policy_document.this",
            "module.customer-suggestion.aws_cloudwatch_log_group.this",
            "module.customer-suggestion.aws_db_instance.this",
            "module.customer-suggestion.aws_iam_role.this"
          ]
        }
      ]
    }
  ]
}
